
Microsoft Visual Studio Solution File, Format Version 12.00
# Visual Studio Version 17
VisualStudioVersion = 17.0.31903.59
MinimumVisualStudioVersion = 10.0.40219.1
Project("{2150E333-8FDC-42A3-9474-1A3956D46DE8}") = "src", "src", "{827E0CD3-B72D-47B6-A68D-7590B98EB39B}"
EndProject
Project("{2150E333-8FDC-42A3-9474-1A3956D46DE8}") = "ApiGateways", "ApiGateways", "{ED3A6F05-8B42-2A19-DFFE-FDDDF787C538}"
EndProject
Project("{FAE04EC0-301F-11D3-BF4B-00C04F79EFBC}") = "OcelotApiGateway", "src\ApiGateways\OcelotApiGateway\OcelotApiGateway.csproj", "{9C469662-28E2-4A09-B157-EC2FBB56E656}"
EndProject
Project("{2150E333-8FDC-42A3-9474-1A3956D46DE8}") = "BuildingBlocks", "BuildingBlocks", "{90298CBA-BD6F-3A0A-69D5-97CAD7B05E7E}"
EndProject
Project("{FAE04EC0-301F-11D3-BF4B-00C04F79EFBC}") = "BuildingBlocks.Common", "src\BuildingBlocks\BuildingBlocks.Common\BuildingBlocks.Common.csproj", "{C6B89D0D-8902-45FA-89C5-875A5C657015}"
EndProject
Project("{2150E333-8FDC-42A3-9474-1A3956D46DE8}") = "Services", "Services", "{984BB9B3-3FA3-BE33-9484-CAC21695A33C}"
EndProject
Project("{2150E333-8FDC-42A3-9474-1A3956D46DE8}") = "Account", "Account", "{BC44AD1E-60C9-9EA1-D7ED-687AA9EFEF7C}"
EndProject
Project("{FAE04EC0-301F-11D3-BF4B-00C04F79EFBC}") = "AccountService", "src\Services\Account\AccountService\AccountService.csproj", "{FD94246C-74B4-4972-8500-FB5F1A58801E}"
EndProject
Project("{2150E333-8FDC-42A3-9474-1A3956D46DE8}") = "Auth", "Auth", "{473EF3C4-73FA-6715-AA3C-7C7929374EED}"
EndProject
Project("{FAE04EC0-301F-11D3-BF4B-00C04F79EFBC}") = "AuthService", "src\Services\Auth\AuthService\AuthService.csproj", "{A0314A13-BB8E-450A-9F87-912D0F425CD3}"
EndProject
Project("{2150E333-8FDC-42A3-9474-1A3956D46DE8}") = "Quiz", "Quiz", "{93B7751D-AB6E-83AC-2E9C-7C81D4BEB465}"
EndProject
Project("{FAE04EC0-301F-11D3-BF4B-00C04F79EFBC}") = "QuizService", "src\Services\Quiz\QuizService\QuizService.csproj", "{543A00C2-A3C0-4238-9868-2F37BCAA4173}"
EndProject
Project("{2150E333-8FDC-42A3-9474-1A3956D46DE8}") = "Shared", "Shared", "{C8E42992-5E42-0C2B-DBFE-AA848D06431C}"
EndProject
Project("{FAE04EC0-301F-11D3-BF4B-00C04F79EFBC}") = "GeminiLib", "src\Shared\GeminiLib\GeminiLib.csproj", "{D6086D08-223A-4DCE-A96D-D37EF6AD2D34}"
EndProject
Project("{FAE04EC0-301F-11D3-BF4B-00C04F79EFBC}") = "PromptTemplates", "src\Shared\PromptTemplates\PromptTemplates.csproj", "{6C9D2B00-D7A8-4BE3-9C45-71E388F088A3}"
EndProject
Global
	GlobalSection(SolutionConfigurationPlatforms) = preSolution
		Debug|Any CPU = Debug|Any CPU
		Debug|x64 = Debug|x64
		Debug|x86 = Debug|x86
		Release|Any CPU = Release|Any CPU
		Release|x64 = Release|x64
		Release|x86 = Release|x86
	EndGlobalSection
	GlobalSection(ProjectConfigurationPlatforms) = postSolution
		{9C469662-28E2-4A09-B157-EC2FBB56E656}.Debug|Any CPU.ActiveCfg = Debug|Any CPU
		{9C469662-28E2-4A09-B157-EC2FBB56E656}.Debug|Any CPU.Build.0 = Debug|Any CPU
		{9C469662-28E2-4A09-B157-EC2FBB56E656}.Debug|x64.ActiveCfg = Debug|Any CPU
		{9C469662-28E2-4A09-B157-EC2FBB56E656}.Debug|x64.Build.0 = Debug|Any CPU
		{9C469662-28E2-4A09-B157-EC2FBB56E656}.Debug|x86.ActiveCfg = Debug|Any CPU
		{9C469662-28E2-4A09-B157-EC2FBB56E656}.Debug|x86.Build.0 = Debug|Any CPU
		{9C469662-28E2-4A09-B157-EC2FBB56E656}.Release|Any CPU.ActiveCfg = Release|Any CPU
		{9C469662-28E2-4A09-B157-EC2FBB56E656}.Release|Any CPU.Build.0 = Release|Any CPU
		{9C469662-28E2-4A09-B157-EC2FBB56E656}.Release|x64.ActiveCfg = Release|Any CPU
		{9C469662-28E2-4A09-B157-EC2FBB56E656}.Release|x64.Build.0 = Release|Any CPU
		{9C469662-28E2-4A09-B157-EC2FBB56E656}.Release|x86.ActiveCfg = Release|Any CPU
		{9C469662-28E2-4A09-B157-EC2FBB56E656}.Release|x86.Build.0 = Release|Any CPU
		{C6B89D0D-8902-45FA-89C5-875A5C657015}.Debug|Any CPU.ActiveCfg = Debug|Any CPU
		{C6B89D0D-8902-45FA-89C5-875A5C657015}.Debug|Any CPU.Build.0 = Debug|Any CPU
		{C6B89D0D-8902-45FA-89C5-875A5C657015}.Debug|x64.ActiveCfg = Debug|Any CPU
		{C6B89D0D-8902-45FA-89C5-875A5C657015}.Debug|x64.Build.0 = Debug|Any CPU
		{C6B89D0D-8902-45FA-89C5-875A5C657015}.Debug|x86.ActiveCfg = Debug|Any CPU
		{C6B89D0D-8902-45FA-89C5-875A5C657015}.Debug|x86.Build.0 = Debug|Any CPU
		{C6B89D0D-8902-45FA-89C5-875A5C657015}.Release|Any CPU.ActiveCfg = Release|Any CPU
		{C6B89D0D-8902-45FA-89C5-875A5C657015}.Release|Any CPU.Build.0 = Release|Any CPU
		{C6B89D0D-8902-45FA-89C5-875A5C657015}.Release|x64.ActiveCfg = Release|Any CPU
		{C6B89D0D-8902-45FA-89C5-875A5C657015}.Release|x64.Build.0 = Release|Any CPU
		{C6B89D0D-8902-45FA-89C5-875A5C657015}.Release|x86.ActiveCfg = Release|Any CPU
		{C6B89D0D-8902-45FA-89C5-875A5C657015}.Release|x86.Build.0 = Release|Any CPU
		{FD94246C-74B4-4972-8500-FB5F1A58801E}.Debug|Any CPU.ActiveCfg = Debug|Any CPU
		{FD94246C-74B4-4972-8500-FB5F1A58801E}.Debug|Any CPU.Build.0 = Debug|Any CPU
		{FD94246C-74B4-4972-8500-FB5F1A58801E}.Debug|x64.ActiveCfg = Debug|Any CPU
		{FD94246C-74B4-4972-8500-FB5F1A58801E}.Debug|x64.Build.0 = Debug|Any CPU
		{FD94246C-74B4-4972-8500-FB5F1A58801E}.Debug|x86.ActiveCfg = Debug|Any CPU
		{FD94246C-74B4-4972-8500-FB5F1A58801E}.Debug|x86.Build.0 = Debug|Any CPU
		{FD94246C-74B4-4972-8500-FB5F1A58801E}.Release|Any CPU.ActiveCfg = Release|Any CPU
		{FD94246C-74B4-4972-8500-FB5F1A58801E}.Release|Any CPU.Build.0 = Release|Any CPU
		{FD94246C-74B4-4972-8500-FB5F1A58801E}.Release|x64.ActiveCfg = Release|Any CPU
		{FD94246C-74B4-4972-8500-FB5F1A58801E}.Release|x64.Build.0 = Release|Any CPU
		{FD94246C-74B4-4972-8500-FB5F1A58801E}.Release|x86.ActiveCfg = Release|Any CPU
		{FD94246C-74B4-4972-8500-FB5F1A58801E}.Release|x86.Build.0 = Release|Any CPU
		{A0314A13-BB8E-450A-9F87-912D0F425CD3}.Debug|Any CPU.ActiveCfg = Debug|Any CPU
		{A0314A13-BB8E-450A-9F87-912D0F425CD3}.Debug|Any CPU.Build.0 = Debug|Any CPU
		{A0314A13-BB8E-450A-9F87-912D0F425CD3}.Debug|x64.ActiveCfg = Debug|Any CPU
		{A0314A13-BB8E-450A-9F87-912D0F425CD3}.Debug|x64.Build.0 = Debug|Any CPU
		{A0314A13-BB8E-450A-9F87-912D0F425CD3}.Debug|x86.ActiveCfg = Debug|Any CPU
		{A0314A13-BB8E-450A-9F87-912D0F425CD3}.Debug|x86.Build.0 = Debug|Any CPU
		{A0314A13-BB8E-450A-9F87-912D0F425CD3}.Release|Any CPU.ActiveCfg = Release|Any CPU
		{A0314A13-BB8E-450A-9F87-912D0F425CD3}.Release|Any CPU.Build.0 = Release|Any CPU
		{A0314A13-BB8E-450A-9F87-912D0F425CD3}.Release|x64.ActiveCfg = Release|Any CPU
		{A0314A13-BB8E-450A-9F87-912D0F425CD3}.Release|x64.Build.0 = Release|Any CPU
		{A0314A13-BB8E-450A-9F87-912D0F425CD3}.Release|x86.ActiveCfg = Release|Any CPU
		{A0314A13-BB8E-450A-9F87-912D0F425CD3}.Release|x86.Build.0 = Release|Any CPU
		{543A00C2-A3C0-4238-9868-2F37BCAA4173}.Debug|Any CPU.ActiveCfg = Debug|Any CPU
		{543A00C2-A3C0-4238-9868-2F37BCAA4173}.Debug|Any CPU.Build.0 = Debug|Any CPU
		{543A00C2-A3C0-4238-9868-2F37BCAA4173}.Debug|x64.ActiveCfg = Debug|Any CPU
		{543A00C2-A3C0-4238-9868-2F37BCAA4173}.Debug|x64.Build.0 = Debug|Any CPU
		{543A00C2-A3C0-4238-9868-2F37BCAA4173}.Debug|x86.ActiveCfg = Debug|Any CPU
		{543A00C2-A3C0-4238-9868-2F37BCAA4173}.Debug|x86.Build.0 = Debug|Any CPU
		{543A00C2-A3C0-4238-9868-2F37BCAA4173}.Release|Any CPU.ActiveCfg = Release|Any CPU
		{543A00C2-A3C0-4238-9868-2F37BCAA4173}.Release|Any CPU.Build.0 = Release|Any CPU
		{543A00C2-A3C0-4238-9868-2F37BCAA4173}.Release|x64.ActiveCfg = Release|Any CPU
		{543A00C2-A3C0-4238-9868-2F37BCAA4173}.Release|x64.Build.0 = Release|Any CPU
		{543A00C2-A3C0-4238-9868-2F37BCAA4173}.Release|x86.ActiveCfg = Release|Any CPU
		{543A00C2-A3C0-4238-9868-2F37BCAA4173}.Release|x86.Build.0 = Release|Any CPU
		{D6086D08-223A-4DCE-A96D-D37EF6AD2D34}.Debug|Any CPU.ActiveCfg = Debug|Any CPU
		{D6086D08-223A-4DCE-A96D-D37EF6AD2D34}.Debug|Any CPU.Build.0 = Debug|Any CPU
		{D6086D08-223A-4DCE-A96D-D37EF6AD2D34}.Debug|x64.ActiveCfg = Debug|Any CPU
		{D6086D08-223A-4DCE-A96D-D37EF6AD2D34}.Debug|x64.Build.0 = Debug|Any CPU
		{D6086D08-223A-4DCE-A96D-D37EF6AD2D34}.Debug|x86.ActiveCfg = Debug|Any CPU
		{D6086D08-223A-4DCE-A96D-D37EF6AD2D34}.Debug|x86.Build.0 = Debug|Any CPU
		{D6086D08-223A-4DCE-A96D-D37EF6AD2D34}.Release|Any CPU.ActiveCfg = Release|Any CPU
		{D6086D08-223A-4DCE-A96D-D37EF6AD2D34}.Release|Any CPU.Build.0 = Release|Any CPU
		{D6086D08-223A-4DCE-A96D-D37EF6AD2D34}.Release|x64.ActiveCfg = Release|Any CPU
		{D6086D08-223A-4DCE-A96D-D37EF6AD2D34}.Release|x64.Build.0 = Release|Any CPU
		{D6086D08-223A-4DCE-A96D-D37EF6AD2D34}.Release|x86.ActiveCfg = Release|Any CPU
		{D6086D08-223A-4DCE-A96D-D37EF6AD2D34}.Release|x86.Build.0 = Release|Any CPU
		{6C9D2B00-D7A8-4BE3-9C45-71E388F088A3}.Debug|Any CPU.ActiveCfg = Debug|Any CPU
		{6C9D2B00-D7A8-4BE3-9C45-71E388F088A3}.Debug|Any CPU.Build.0 = Debug|Any CPU
		{6C9D2B00-D7A8-4BE3-9C45-71E388F088A3}.Debug|x64.ActiveCfg = Debug|Any CPU
		{6C9D2B00-D7A8-4BE3-9C45-71E388F088A3}.Debug|x64.Build.0 = Debug|Any CPU
		{6C9D2B00-D7A8-4BE3-9C45-71E388F088A3}.Debug|x86.ActiveCfg = Debug|Any CPU
		{6C9D2B00-D7A8-4BE3-9C45-71E388F088A3}.Debug|x86.Build.0 = Debug|Any CPU
		{6C9D2B00-D7A8-4BE3-9C45-71E388F088A3}.Release|Any CPU.ActiveCfg = Release|Any CPU
		{6C9D2B00-D7A8-4BE3-9C45-71E388F088A3}.Release|Any CPU.Build.0 = Release|Any CPU
		{6C9D2B00-D7A8-4BE3-9C45-71E388F088A3}.Release|x64.ActiveCfg = Release|Any CPU
		{6C9D2B00-D7A8-4BE3-9C45-71E388F088A3}.Release|x64.Build.0 = Release|Any CPU
		{6C9D2B00-D7A8-4BE3-9C45-71E388F088A3}.Release|x86.ActiveCfg = Release|Any CPU
		{6C9D2B00-D7A8-4BE3-9C45-71E388F088A3}.Release|x86.Build.0 = Release|Any CPU
	EndGlobalSection
	GlobalSection(SolutionProperties) = preSolution
		HideSolutionNode = FALSE
	EndGlobalSection
	GlobalSection(NestedProjects) = preSolution
		{ED3A6F05-8B42-2A19-DFFE-FDDDF787C538} = {827E0CD3-B72D-47B6-A68D-7590B98EB39B}
		{9C469662-28E2-4A09-B157-EC2FBB56E656} = {ED3A6F05-8B42-2A19-DFFE-FDDDF787C538}
		{90298CBA-BD6F-3A0A-69D5-97CAD7B05E7E} = {827E0CD3-B72D-47B6-A68D-7590B98EB39B}
		{C6B89D0D-8902-45FA-89C5-875A5C657015} = {90298CBA-BD6F-3A0A-69D5-97CAD7B05E7E}
		{984BB9B3-3FA3-BE33-9484-CAC21695A33C} = {827E0CD3-B72D-47B6-A68D-7590B98EB39B}
		{BC44AD1E-60C9-9EA1-D7ED-687AA9EFEF7C} = {984BB9B3-3FA3-BE33-9484-CAC21695A33C}
		{FD94246C-74B4-4972-8500-FB5F1A58801E} = {BC44AD1E-60C9-9EA1-D7ED-687AA9EFEF7C}
		{473EF3C4-73FA-6715-AA3C-7C7929374EED} = {984BB9B3-3FA3-BE33-9484-CAC21695A33C}
		{A0314A13-BB8E-450A-9F87-912D0F425CD3} = {473EF3C4-73FA-6715-AA3C-7C7929374EED}
		{93B7751D-AB6E-83AC-2E9C-7C81D4BEB465} = {984BB9B3-3FA3-BE33-9484-CAC21695A33C}
		{543A00C2-A3C0-4238-9868-2F37BCAA4173} = {93B7751D-AB6E-83AC-2E9C-7C81D4BEB465}
		{C8E42992-5E42-0C2B-DBFE-AA848D06431C} = {827E0CD3-B72D-47B6-A68D-7590B98EB39B}
		{D6086D08-223A-4DCE-A96D-D37EF6AD2D34} = {C8E42992-5E42-0C2B-DBFE-AA848D06431C}
		{6C9D2B00-D7A8-4BE3-9C45-71E388F088A3} = {C8E42992-5E42-0C2B-DBFE-AA848D06431C}
	EndGlobalSection
EndGlobal
